
Microsoft Visual Studio Solution File, Format Version 12.00
# Visual Studio Version 17
VisualStudioVersion = 17.5.33414.496
MinimumVisualStudioVersion = 10.0.40219.1
Project("{FAE04EC0-301F-11D3-BF4B-00C04F79EFBC}") = "Workaround", "Workaround\Workaround.csproj", "{66096125-6E7D-4B3C-9438-E4CE79C9771D}"
EndProject
Project("{FAE04EC0-301F-11D3-BF4B-00C04F79EFBC}") = "Entities", "Entities\Entities.csproj", "{22AE68A7-9EC1-4FFD-A26C-AF2336ADA6F1}"
EndProject
Project("{FAE04EC0-301F-11D3-BF4B-00C04F79EFBC}") = "Business", "Business\Business.csproj", "{DCA08C43-314D-4AFB-8C0E-90B369A0C008}"
EndProject
Global
	GlobalSection(SolutionConfigurationPlatforms) = preSolution
		Debug|Any CPU = Debug|Any CPU
		Release|Any CPU = Release|Any CPU
	EndGlobalSection
	GlobalSection(ProjectConfigurationPlatforms) = postSolution
		{66096125-6E7D-4B3C-9438-E4CE79C9771D}.Debug|Any CPU.ActiveCfg = Debug|Any CPU
		{66096125-6E7D-4B3C-9438-E4CE79C9771D}.Debug|Any CPU.Build.0 = Debug|Any CPU
		{66096125-6E7D-4B3C-9438-E4CE79C9771D}.Release|Any CPU.ActiveCfg = Release|Any CPU
		{66096125-6E7D-4B3C-9438-E4CE79C9771D}.Release|Any CPU.Build.0 = Release|Any CPU
		{22AE68A7-9EC1-4FFD-A26C-AF2336ADA6F1}.Debug|Any CPU.ActiveCfg = Debug|Any CPU
		{22AE68A7-9EC1-4FFD-A26C-AF2336ADA6F1}.Debug|Any CPU.Build.0 = Debug|Any CPU
		{22AE68A7-9EC1-4FFD-A26C-AF2336ADA6F1}.Release|Any CPU.ActiveCfg = Release|Any CPU
		{22AE68A7-9EC1-4FFD-A26C-AF2336ADA6F1}.Release|Any CPU.Build.0 = Release|Any CPU
		{DCA08C43-314D-4AFB-8C0E-90B369A0C008}.Debug|Any CPU.ActiveCfg = Debug|Any CPU
		{DCA08C43-314D-4AFB-8C0E-90B369A0C008}.Debug|Any CPU.Build.0 = Debug|Any CPU
		{DCA08C43-314D-4AFB-8C0E-90B369A0C008}.Release|Any CPU.ActiveCfg = Release|Any CPU
		{DCA08C43-314D-4AFB-8C0E-90B369A0C008}.Release|Any CPU.Build.0 = Release|Any CPU
	EndGlobalSection
	GlobalSection(SolutionProperties) = preSolution
		HideSolutionNode = FALSE
	EndGlobalSection
	GlobalSection(ExtensibilityGlobals) = postSolution
		SolutionGuid = {14383FA8-5F4E-466B-9BF2-1F0D82964DA9}
	EndGlobalSection
EndGlobal
